
Microsoft Visual Studio Solution File, Format Version 12.00
# Visual Studio Version 17
VisualStudioVersion = 17.6.33815.320
MinimumVisualStudioVersion = 10.0.40219.1
Project("{9A19103F-16F7-4668-BE54-9A1E7A4F7556}") = "MyNote.Application", "MyNote.Application\MyNote.Application.csproj", "{557AF20E-FB6B-49A0-9CAD-73FD88C5A228}"
EndProject
Project("{9A19103F-16F7-4668-BE54-9A1E7A4F7556}") = "MyNote.Repository", "MyNote.Repository\MyNote.Repository.csproj", "{2BED2FDE-6DED-4F31-A656-2A75A171A8BF}"
EndProject
Project("{2150E333-8FDC-42A3-9474-1A3956D46DE8}") = "Implement", "Implement", "{0A5AE507-BCC5-4FA5-BD8A-DE34CB5C73EE}"
EndProject
Project("{2150E333-8FDC-42A3-9474-1A3956D46DE8}") = "Test", "Test", "{4D3F7611-B11A-4F7B-8FED-DF4D59B21F2C}"
EndProject
Project("{9A19103F-16F7-4668-BE54-9A1E7A4F7556}") = "MyNote.API.Test", "MyNote.API.Test\MyNote.API.Test.csproj", "{17F462C3-A258-4AB4-8E82-F3FF4728D61C}"
EndProject
Project("{9A19103F-16F7-4668-BE54-9A1E7A4F7556}") = "MyNote.Application.Test", "MyNote.Application.Test\MyNote.Application.Test.csproj", "{46D1914C-BE3F-40F3-913F-C727593D9FB4}"
EndProject
Project("{9A19103F-16F7-4668-BE54-9A1E7A4F7556}") = "MyNote.Repository.Test", "MyNote.Repository.Test\MyNote.Repository.Test.csproj", "{4EDD783B-3594-4994-891B-893F31DAAB2E}"
EndProject
Project("{9A19103F-16F7-4668-BE54-9A1E7A4F7556}") = "MyNote.Interface.Test", "MyNote.Interface.Test\MyNote.Interface.Test.csproj", "{703768CB-0BAE-4E79-ADB4-0D5127EC0C6D}"
EndProject
Project("{9A19103F-16F7-4668-BE54-9A1E7A4F7556}") = "MyNote.API", "MyNote.API\MyNote.API.csproj", "{C02FA71A-6C78-4783-B347-7F85D14E94A1}"
EndProject
Project("{9A19103F-16F7-4668-BE54-9A1E7A4F7556}") = "MyNote.Domain", "MyNote.Domain\MyNote.Domain.csproj", "{C50479AE-ED42-42AB-AC45-BB9355008BDD}"
EndProject
Project("{9A19103F-16F7-4668-BE54-9A1E7A4F7556}") = "MyNote.Ultils", "MyNote.Ultils\MyNote.Ultils.csproj", "{0BCCB0A2-B5B7-41B8-9C0C-1165ED8E01F2}"
EndProject
Global
	GlobalSection(SolutionConfigurationPlatforms) = preSolution
		Debug|Any CPU = Debug|Any CPU
		Release|Any CPU = Release|Any CPU
	EndGlobalSection
	GlobalSection(ProjectConfigurationPlatforms) = postSolution
		{557AF20E-FB6B-49A0-9CAD-73FD88C5A228}.Debug|Any CPU.ActiveCfg = Debug|Any CPU
		{557AF20E-FB6B-49A0-9CAD-73FD88C5A228}.Debug|Any CPU.Build.0 = Debug|Any CPU
		{557AF20E-FB6B-49A0-9CAD-73FD88C5A228}.Release|Any CPU.ActiveCfg = Release|Any CPU
		{557AF20E-FB6B-49A0-9CAD-73FD88C5A228}.Release|Any CPU.Build.0 = Release|Any CPU
		{2BED2FDE-6DED-4F31-A656-2A75A171A8BF}.Debug|Any CPU.ActiveCfg = Debug|Any CPU
		{2BED2FDE-6DED-4F31-A656-2A75A171A8BF}.Debug|Any CPU.Build.0 = Debug|Any CPU
		{2BED2FDE-6DED-4F31-A656-2A75A171A8BF}.Release|Any CPU.ActiveCfg = Release|Any CPU
		{2BED2FDE-6DED-4F31-A656-2A75A171A8BF}.Release|Any CPU.Build.0 = Release|Any CPU
		{17F462C3-A258-4AB4-8E82-F3FF4728D61C}.Debug|Any CPU.ActiveCfg = Debug|Any CPU
		{17F462C3-A258-4AB4-8E82-F3FF4728D61C}.Release|Any CPU.ActiveCfg = Release|Any CPU
		{17F462C3-A258-4AB4-8E82-F3FF4728D61C}.Release|Any CPU.Build.0 = Release|Any CPU
		{46D1914C-BE3F-40F3-913F-C727593D9FB4}.Debug|Any CPU.ActiveCfg = Debug|Any CPU
		{46D1914C-BE3F-40F3-913F-C727593D9FB4}.Release|Any CPU.ActiveCfg = Release|Any CPU
		{46D1914C-BE3F-40F3-913F-C727593D9FB4}.Release|Any CPU.Build.0 = Release|Any CPU
		{4EDD783B-3594-4994-891B-893F31DAAB2E}.Debug|Any CPU.ActiveCfg = Debug|Any CPU
		{4EDD783B-3594-4994-891B-893F31DAAB2E}.Release|Any CPU.ActiveCfg = Release|Any CPU
		{4EDD783B-3594-4994-891B-893F31DAAB2E}.Release|Any CPU.Build.0 = Release|Any CPU
		{703768CB-0BAE-4E79-ADB4-0D5127EC0C6D}.Debug|Any CPU.ActiveCfg = Debug|Any CPU
		{703768CB-0BAE-4E79-ADB4-0D5127EC0C6D}.Release|Any CPU.ActiveCfg = Release|Any CPU
		{703768CB-0BAE-4E79-ADB4-0D5127EC0C6D}.Release|Any CPU.Build.0 = Release|Any CPU
		{C02FA71A-6C78-4783-B347-7F85D14E94A1}.Debug|Any CPU.ActiveCfg = Debug|Any CPU
		{C02FA71A-6C78-4783-B347-7F85D14E94A1}.Debug|Any CPU.Build.0 = Debug|Any CPU
		{C02FA71A-6C78-4783-B347-7F85D14E94A1}.Release|Any CPU.ActiveCfg = Release|Any CPU
		{C02FA71A-6C78-4783-B347-7F85D14E94A1}.Release|Any CPU.Build.0 = Release|Any CPU
		{C50479AE-ED42-42AB-AC45-BB9355008BDD}.Debug|Any CPU.ActiveCfg = Debug|Any CPU
		{C50479AE-ED42-42AB-AC45-BB9355008BDD}.Debug|Any CPU.Build.0 = Debug|Any CPU
		{C50479AE-ED42-42AB-AC45-BB9355008BDD}.Release|Any CPU.ActiveCfg = Release|Any CPU
		{C50479AE-ED42-42AB-AC45-BB9355008BDD}.Release|Any CPU.Build.0 = Release|Any CPU
		{0BCCB0A2-B5B7-41B8-9C0C-1165ED8E01F2}.Debug|Any CPU.ActiveCfg = Debug|Any CPU
		{0BCCB0A2-B5B7-41B8-9C0C-1165ED8E01F2}.Debug|Any CPU.Build.0 = Debug|Any CPU
		{0BCCB0A2-B5B7-41B8-9C0C-1165ED8E01F2}.Release|Any CPU.ActiveCfg = Release|Any CPU
		{0BCCB0A2-B5B7-41B8-9C0C-1165ED8E01F2}.Release|Any CPU.Build.0 = Release|Any CPU
	EndGlobalSection
	GlobalSection(SolutionProperties) = preSolution
		HideSolutionNode = FALSE
	EndGlobalSection
	GlobalSection(NestedProjects) = preSolution
		{557AF20E-FB6B-49A0-9CAD-73FD88C5A228} = {0A5AE507-BCC5-4FA5-BD8A-DE34CB5C73EE}
		{2BED2FDE-6DED-4F31-A656-2A75A171A8BF} = {0A5AE507-BCC5-4FA5-BD8A-DE34CB5C73EE}
		{17F462C3-A258-4AB4-8E82-F3FF4728D61C} = {4D3F7611-B11A-4F7B-8FED-DF4D59B21F2C}
		{46D1914C-BE3F-40F3-913F-C727593D9FB4} = {4D3F7611-B11A-4F7B-8FED-DF4D59B21F2C}
		{4EDD783B-3594-4994-891B-893F31DAAB2E} = {4D3F7611-B11A-4F7B-8FED-DF4D59B21F2C}
		{703768CB-0BAE-4E79-ADB4-0D5127EC0C6D} = {4D3F7611-B11A-4F7B-8FED-DF4D59B21F2C}
		{C02FA71A-6C78-4783-B347-7F85D14E94A1} = {0A5AE507-BCC5-4FA5-BD8A-DE34CB5C73EE}
		{C50479AE-ED42-42AB-AC45-BB9355008BDD} = {0A5AE507-BCC5-4FA5-BD8A-DE34CB5C73EE}
		{0BCCB0A2-B5B7-41B8-9C0C-1165ED8E01F2} = {0A5AE507-BCC5-4FA5-BD8A-DE34CB5C73EE}
	EndGlobalSection
	GlobalSection(ExtensibilityGlobals) = postSolution
		SolutionGuid = {0F9827B3-9F4C-4458-8D28-25100953E09A}
	EndGlobalSection
EndGlobal
